{
  "name": "wasmbuilder",
  "version": "0.0.3",
  "lockfileVersion": 3,
  "requires": true,
  "packages": {
    "": {
      "name": "wasmbuilder",
      "version": "0.0.3",
      "license": "GPL-3.0",
      "dependencies": {
        "big-integer": "1.6.43"
      },
      "devDependencies": {
        "micro-should": "0.5.1"
      }
    },
    "node_modules/big-integer": {
      "version": "1.6.43",
      "resolved": "https://registry.npmjs.org/big-integer/-/big-integer-1.6.43.tgz",
      "integrity": "sha512-9dULc9jsKmXl0Aeunug8wbF+58n+hQoFjqClN7WeZwGLh0XJUWyJJ9Ee+Ep+Ql/J9fRsTVaeThp8MhiCCrY0Jg==",
      "engines": {
        "node": ">=0.6"
      }
    },
    "node_modules/micro-should": {
      "version": "0.5.1",
      "resolved": "https://registry.npmjs.org/micro-should/-/micro-should-0.5.1.tgz",
      "integrity": "sha512-i3BdNfiAf4PyEEjyxNO2Ex/C0V4ux9ZCKyxSbF6p/n9+UqhRsUbae8PfTM9Came91lGzJLEFlAtAEkY4eSpq6w==",
      "dev": true,
      "license": "MIT"
    }
  }
}
